
Microsoft Visual Studio Solution File, Format Version 12.00
# Visual Studio Version 17
VisualStudioVersion = 17.0.31903.59
MinimumVisualStudioVersion = 10.0.40219.1
Project("{2150E333-8FDC-42A3-9474-1A3956D46DE8}") = "src", "src", "{88E93442-3725-4EE3-9E90-F2374B14A9D2}"
EndProject
Project("{FAE04EC0-301F-11D3-BF4B-00C04F79EFBC}") = "WebApp", "src\WebApp\WebApp.csproj", "{6822DAB9-CF6D-4991-88D7-657328B55A95}"
EndProject
Global
	GlobalSection(SolutionConfigurationPlatforms) = preSolution
		Debug|Any CPU = Debug|Any CPU
		Release|Any CPU = Release|Any CPU
	EndGlobalSection
	GlobalSection(SolutionProperties) = preSolution
		HideSolutionNode = FALSE
	EndGlobalSection
	GlobalSection(ProjectConfigurationPlatforms) = postSolution
		{6822DAB9-CF6D-4991-88D7-657328B55A95}.Debug|Any CPU.ActiveCfg = Debug|Any CPU
		{6822DAB9-CF6D-4991-88D7-657328B55A95}.Debug|Any CPU.Build.0 = Debug|Any CPU
		{6822DAB9-CF6D-4991-88D7-657328B55A95}.Release|Any CPU.ActiveCfg = Release|Any CPU
		{6822DAB9-CF6D-4991-88D7-657328B55A95}.Release|Any CPU.Build.0 = Release|Any CPU
	EndGlobalSection
	GlobalSection(NestedProjects) = preSolution
		{6822DAB9-CF6D-4991-88D7-657328B55A95} = {88E93442-3725-4EE3-9E90-F2374B14A9D2}
	EndGlobalSection
EndGlobal
