
Microsoft Visual Studio Solution File, Format Version 12.00
# Visual Studio Version 17
VisualStudioVersion = 17.0.31903.59
MinimumVisualStudioVersion = 10.0.40219.1
Project("{2150E333-8FDC-42A3-9474-1A3956D46DE8}") = "Services", "Services", "{36964E95-3BA7-4251-B2EC-245CD8082683}"
EndProject
Project("{2150E333-8FDC-42A3-9474-1A3956D46DE8}") = "Catalog", "Catalog", "{0C6D530B-5E87-4831-8B55-DFC945821E9E}"
EndProject
Project("{FAE04EC0-301F-11D3-BF4B-00C04F79EFBC}") = "Catalog.API", "Services\Catalog\Catalog.API\Catalog.API.csproj", "{521C0DCE-E1E3-4E7F-AB98-72671A25ED66}"
EndProject
Global
	GlobalSection(SolutionConfigurationPlatforms) = preSolution
		Debug|Any CPU = Debug|Any CPU
		Release|Any CPU = Release|Any CPU
	EndGlobalSection
	GlobalSection(SolutionProperties) = preSolution
		HideSolutionNode = FALSE
	EndGlobalSection
	GlobalSection(ProjectConfigurationPlatforms) = postSolution
		{521C0DCE-E1E3-4E7F-AB98-72671A25ED66}.Debug|Any CPU.ActiveCfg = Debug|Any CPU
		{521C0DCE-E1E3-4E7F-AB98-72671A25ED66}.Debug|Any CPU.Build.0 = Debug|Any CPU
		{521C0DCE-E1E3-4E7F-AB98-72671A25ED66}.Release|Any CPU.ActiveCfg = Release|Any CPU
		{521C0DCE-E1E3-4E7F-AB98-72671A25ED66}.Release|Any CPU.Build.0 = Release|Any CPU
	EndGlobalSection
	GlobalSection(NestedProjects) = preSolution
		{0C6D530B-5E87-4831-8B55-DFC945821E9E} = {36964E95-3BA7-4251-B2EC-245CD8082683}
		{521C0DCE-E1E3-4E7F-AB98-72671A25ED66} = {0C6D530B-5E87-4831-8B55-DFC945821E9E}
	EndGlobalSection
EndGlobal
